
Microsoft Visual Studio Solution File, Format Version 12.00
# Visual Studio 15
VisualStudioVersion = 15.0.28307.705
MinimumVisualStudioVersion = 10.0.40219.1
Project("{FAE04EC0-301F-11D3-BF4B-00C04F79EFBC}") = "RefactoringSamples", "RefactoringSamples\RefactoringSamples.csproj", "{A8CDA78D-EEA0-4485-8204-3C28BA5CFAA7}"
EndProject
Global
	GlobalSection(SolutionConfigurationPlatforms) = preSolution
		Debug|Any CPU = Debug|Any CPU
		Release|Any CPU = Release|Any CPU
	EndGlobalSection
	GlobalSection(ProjectConfigurationPlatforms) = postSolution
		{A8CDA78D-EEA0-4485-8204-3C28BA5CFAA7}.Debug|Any CPU.ActiveCfg = Debug|Any CPU
		{A8CDA78D-EEA0-4485-8204-3C28BA5CFAA7}.Debug|Any CPU.Build.0 = Debug|Any CPU
		{A8CDA78D-EEA0-4485-8204-3C28BA5CFAA7}.Release|Any CPU.ActiveCfg = Release|Any CPU
		{A8CDA78D-EEA0-4485-8204-3C28BA5CFAA7}.Release|Any CPU.Build.0 = Release|Any CPU
	EndGlobalSection
	GlobalSection(SolutionProperties) = preSolution
		HideSolutionNode = FALSE
	EndGlobalSection
	GlobalSection(ExtensibilityGlobals) = postSolution
		SolutionGuid = {1122F24D-952C-4BA0-95DC-4D5666DD9129}
	EndGlobalSection
EndGlobal
